
Microsoft Visual Studio Solution File, Format Version 12.00
# Visual Studio 2013
Project("{FAE04EC0-301F-11D3-BF4B-00C04F79EFBC}") = "orbital.CSharp", "orbital.CSharp.csproj", "{CE654042-AEE7-7B55-65DC-D71FF2353164}"
EndProject
Project("{FAE04EC0-301F-11D3-BF4B-00C04F79EFBC}") = "orbital.CSharp.Editor", "orbital.CSharp.Editor.csproj", "{18C3D996-FFC6-537D-D47F-7823DFFD9855}"
EndProject
Global
	GlobalSection(SolutionConfigurationPlatforms) = preSolution
		Debug|Any CPU = Debug|Any CPU
		Release|Any CPU = Release|Any CPU
	EndGlobalSection
	GlobalSection(ProjectConfigurationPlatforms) = postSolution
		{CE654042-AEE7-7B55-65DC-D71FF2353164}.Debug|Any CPU.ActiveCfg = Debug|Any CPU
		{CE654042-AEE7-7B55-65DC-D71FF2353164}.Debug|Any CPU.Build.0 = Debug|Any CPU
		{CE654042-AEE7-7B55-65DC-D71FF2353164}.Release|Any CPU.ActiveCfg = Release|Any CPU
		{CE654042-AEE7-7B55-65DC-D71FF2353164}.Release|Any CPU.Build.0 = Release|Any CPU
		{18C3D996-FFC6-537D-D47F-7823DFFD9855}.Debug|Any CPU.ActiveCfg = Debug|Any CPU
		{18C3D996-FFC6-537D-D47F-7823DFFD9855}.Debug|Any CPU.Build.0 = Debug|Any CPU
		{18C3D996-FFC6-537D-D47F-7823DFFD9855}.Release|Any CPU.ActiveCfg = Release|Any CPU
		{18C3D996-FFC6-537D-D47F-7823DFFD9855}.Release|Any CPU.Build.0 = Release|Any CPU
	EndGlobalSection
	GlobalSection(SolutionProperties) = preSolution
		HideSolutionNode = FALSE
	EndGlobalSection
EndGlobal
